Microsoft Visual Studio Solution File, Format Version 12.00
# Visual Studio Version 17
VisualStudioVersion = 17.5.2.0
MinimumVisualStudioVersion = 10.0.40219.1
Project("{FAE04EC0-301F-11D3-BF4B-00C04F79EFBC}") = "LiveCoding", "LiveCoding.csproj", "{1DC5E196-5E02-B561-365D-23BB970F97CE}"
EndProject
Global
	GlobalSection(SolutionConfigurationPlatforms) = preSolution
		Debug|Any CPU = Debug|Any CPU
		Release|Any CPU = Release|Any CPU
	EndGlobalSection
	GlobalSection(ProjectConfigurationPlatforms) = postSolution
		{1DC5E196-5E02-B561-365D-23BB970F97CE}.Debug|Any CPU.ActiveCfg = Debug|Any CPU
		{1DC5E196-5E02-B561-365D-23BB970F97CE}.Debug|Any CPU.Build.0 = Debug|Any CPU
		{1DC5E196-5E02-B561-365D-23BB970F97CE}.Release|Any CPU.ActiveCfg = Release|Any CPU
		{1DC5E196-5E02-B561-365D-23BB970F97CE}.Release|Any CPU.Build.0 = Release|Any CPU
	EndGlobalSection
	GlobalSection(SolutionProperties) = preSolution
		HideSolutionNode = FALSE
	EndGlobalSection
	GlobalSection(ExtensibilityGlobals) = postSolution
		SolutionGuid = {ABD57848-815B-4668-BF19-E34793D6011E}
	EndGlobalSection
EndGlobal
