Microsoft Visual Studio Solution File, Format Version 12.00
# Visual Studio Version 17
VisualStudioVersion = 17.5.2.0
MinimumVisualStudioVersion = 10.0.40219.1
Project("{FAE04EC0-301F-11D3-BF4B-00C04F79EFBC}") = "Solutions", "Solutions.csproj", "{F9760301-5EA5-61A4-9629-61E3749E90AD}"
EndProject
Global
	GlobalSection(SolutionConfigurationPlatforms) = preSolution
		Debug|Any CPU = Debug|Any CPU
		Release|Any CPU = Release|Any CPU
	EndGlobalSection
	GlobalSection(ProjectConfigurationPlatforms) = postSolution
		{F9760301-5EA5-61A4-9629-61E3749E90AD}.Debug|Any CPU.ActiveCfg = Debug|Any CPU
		{F9760301-5EA5-61A4-9629-61E3749E90AD}.Debug|Any CPU.Build.0 = Debug|Any CPU
		{F9760301-5EA5-61A4-9629-61E3749E90AD}.Release|Any CPU.ActiveCfg = Release|Any CPU
		{F9760301-5EA5-61A4-9629-61E3749E90AD}.Release|Any CPU.Build.0 = Release|Any CPU
	EndGlobalSection
	GlobalSection(SolutionProperties) = preSolution
		HideSolutionNode = FALSE
	EndGlobalSection
	GlobalSection(ExtensibilityGlobals) = postSolution
		SolutionGuid = {45635430-D32C-4F0C-979F-FA11EB684319}
	EndGlobalSection
EndGlobal
